
Microsoft Visual Studio Solution File, Format Version 12.00
# Visual Studio 14
VisualStudioVersion = 14.0.25420.1
MinimumVisualStudioVersion = 10.0.40219.1
Project("{2150E333-8FDC-42A3-9474-1A3956D46DE8}") = "Solution Items", "Solution Items", "{36C41E00-4616-470D-95A7-1EC55921D4E7}"
	ProjectSection(SolutionItems) = preProject
		global.json = global.json
	EndProjectSection
EndProject
Project("{2150E333-8FDC-42A3-9474-1A3956D46DE8}") = "Creational", "Creational", "{318A518E-E63D-4417-8904-C18CC24C9B92}"
EndProject
Project("{8BB2217D-0F2D-49D1-97BC-3654ED321F3B}") = "GoFPatterns.Creational", "GoFPatterns.Creational\GoFPatterns.Creational.xproj", "{CB788103-EF6C-4266-BB7C-227085E4F80F}"
EndProject
Global
	GlobalSection(SolutionConfigurationPlatforms) = preSolution
		Debug|Any CPU = Debug|Any CPU
		Release|Any CPU = Release|Any CPU
	EndGlobalSection
	GlobalSection(ProjectConfigurationPlatforms) = postSolution
		{CB788103-EF6C-4266-BB7C-227085E4F80F}.Debug|Any CPU.ActiveCfg = Debug|Any CPU
		{CB788103-EF6C-4266-BB7C-227085E4F80F}.Debug|Any CPU.Build.0 = Debug|Any CPU
		{CB788103-EF6C-4266-BB7C-227085E4F80F}.Release|Any CPU.ActiveCfg = Release|Any CPU
		{CB788103-EF6C-4266-BB7C-227085E4F80F}.Release|Any CPU.Build.0 = Release|Any CPU
	EndGlobalSection
	GlobalSection(SolutionProperties) = preSolution
		HideSolutionNode = FALSE
	EndGlobalSection
	GlobalSection(NestedProjects) = preSolution
		{CB788103-EF6C-4266-BB7C-227085E4F80F} = {318A518E-E63D-4417-8904-C18CC24C9B92}
	EndGlobalSection
EndGlobal
